
Microsoft Visual Studio Solution File, Format Version 12.00
# Visual Studio 14
VisualStudioVersion = 14.0.24720.0
MinimumVisualStudioVersion = 10.0.40219.1
Project("{FAE04EC0-301F-11D3-BF4B-00C04F79EFBC}") = "ResolutionBuddyExample.WindowsGL", "ResolutionBuddyExample.WindowsGL\ResolutionBuddyExample.WindowsGL.csproj", "{CABA3EE2-92CE-4102-882D-5DC660562DD8}"
EndProject
Project("{FAE04EC0-301F-11D3-BF4B-00C04F79EFBC}") = "ResolutionBuddyExample.Android", "ResolutionBuddyExample.Android\ResolutionBuddyExample.Android.csproj", "{9D1C47F7-382C-45FF-B92E-0F09A71C14A9}"
EndProject
Global
	GlobalSection(SolutionConfigurationPlatforms) = preSolution
		Debug|Any CPU = Debug|Any CPU
		Debug|x86 = Debug|x86
		Release|Any CPU = Release|Any CPU
		Release|x86 = Release|x86
	EndGlobalSection
	GlobalSection(ProjectConfigurationPlatforms) = postSolution
		{CABA3EE2-92CE-4102-882D-5DC660562DD8}.Debug|Any CPU.ActiveCfg = Debug|Any CPU
		{CABA3EE2-92CE-4102-882D-5DC660562DD8}.Debug|Any CPU.Build.0 = Debug|Any CPU
		{CABA3EE2-92CE-4102-882D-5DC660562DD8}.Debug|x86.ActiveCfg = Debug|Any CPU
		{CABA3EE2-92CE-4102-882D-5DC660562DD8}.Debug|x86.Build.0 = Debug|Any CPU
		{CABA3EE2-92CE-4102-882D-5DC660562DD8}.Release|Any CPU.ActiveCfg = Release|x86
		{CABA3EE2-92CE-4102-882D-5DC660562DD8}.Release|x86.ActiveCfg = Release|x86
		{CABA3EE2-92CE-4102-882D-5DC660562DD8}.Release|x86.Build.0 = Release|x86
		{9D1C47F7-382C-45FF-B92E-0F09A71C14A9}.Debug|Any CPU.ActiveCfg = Debug|Any CPU
		{9D1C47F7-382C-45FF-B92E-0F09A71C14A9}.Debug|Any CPU.Build.0 = Debug|Any CPU
		{9D1C47F7-382C-45FF-B92E-0F09A71C14A9}.Debug|Any CPU.Deploy.0 = Debug|Any CPU
		{9D1C47F7-382C-45FF-B92E-0F09A71C14A9}.Debug|x86.ActiveCfg = Debug|Any CPU
		{9D1C47F7-382C-45FF-B92E-0F09A71C14A9}.Debug|x86.Build.0 = Debug|Any CPU
		{9D1C47F7-382C-45FF-B92E-0F09A71C14A9}.Debug|x86.Deploy.0 = Debug|Any CPU
		{9D1C47F7-382C-45FF-B92E-0F09A71C14A9}.Release|Any CPU.ActiveCfg = Release|Any CPU
		{9D1C47F7-382C-45FF-B92E-0F09A71C14A9}.Release|Any CPU.Build.0 = Release|Any CPU
		{9D1C47F7-382C-45FF-B92E-0F09A71C14A9}.Release|Any CPU.Deploy.0 = Release|Any CPU
		{9D1C47F7-382C-45FF-B92E-0F09A71C14A9}.Release|x86.ActiveCfg = Release|Any CPU
		{9D1C47F7-382C-45FF-B92E-0F09A71C14A9}.Release|x86.Build.0 = Release|Any CPU
		{9D1C47F7-382C-45FF-B92E-0F09A71C14A9}.Release|x86.Deploy.0 = Release|Any CPU
	EndGlobalSection
	GlobalSection(SolutionProperties) = preSolution
		HideSolutionNode = FALSE
	EndGlobalSection
EndGlobal
