
Microsoft Visual Studio Solution File, Format Version 12.00
# Visual Studio Version 16
VisualStudioVersion = 16.0.31205.134
MinimumVisualStudioVersion = 10.0.40219.1
Project("{FAE04EC0-301F-11D3-BF4B-00C04F79EFBC}") = "ResolutionBuddyExample.Android", "ResolutionBuddyExample.Android\ResolutionBuddyExample.Android.csproj", "{9D1C47F7-382C-45FF-B92E-0F09A71C14A9}"
EndProject
Project("{D954291E-2A0B-460D-934E-DC6B0785DB48}") = "ResolutionBuddyExample.Shared", "ResolutionBuddyExample.Shared\ResolutionBuddyExample.Shared.shproj", "{C8165587-C583-420C-8E8C-5ED4EA9E1331}"
EndProject
Project("{FAE04EC0-301F-11D3-BF4B-00C04F79EFBC}") = "ResolutionBuddyExample.iOS", "ResolutionBuddyExample.iOS\ResolutionBuddyExample.iOS.csproj", "{3D8DECD2-A0E6-4794-BD81-F55779BF1807}"
EndProject
Project("{FAE04EC0-301F-11D3-BF4B-00C04F79EFBC}") = "ResolutionBuddyExample.WindowsDX", "ResolutionBuddyExample.WindowsDX\ResolutionBuddyExample.WindowsDX.csproj", "{E5F3B875-300F-41C4-BCB2-1B9D86538456}"
EndProject
Global
	GlobalSection(SharedMSBuildProjectFiles) = preSolution
		ResolutionBuddyExample.Shared\ResolutionBuddyExample.Shared.projitems*{3d8decd2-a0e6-4794-bd81-f55779bf1807}*SharedItemsImports = 4
		ResolutionBuddyExample.Shared\ResolutionBuddyExample.Shared.projitems*{9d1c47f7-382c-45ff-b92e-0f09a71c14a9}*SharedItemsImports = 4
		ResolutionBuddyExample.Shared\ResolutionBuddyExample.Shared.projitems*{c8165587-c583-420c-8e8c-5ed4ea9e1331}*SharedItemsImports = 13
		ResolutionBuddyExample.Shared\ResolutionBuddyExample.Shared.projitems*{e5f3b875-300f-41c4-bcb2-1b9d86538456}*SharedItemsImports = 4
	EndGlobalSection
	GlobalSection(SolutionConfigurationPlatforms) = preSolution
		Ad-Hoc|Any CPU = Ad-Hoc|Any CPU
		Ad-Hoc|ARM = Ad-Hoc|ARM
		Ad-Hoc|iPhone = Ad-Hoc|iPhone
		Ad-Hoc|iPhoneSimulator = Ad-Hoc|iPhoneSimulator
		Ad-Hoc|x64 = Ad-Hoc|x64
		Ad-Hoc|x86 = Ad-Hoc|x86
		AppStore|Any CPU = AppStore|Any CPU
		AppStore|ARM = AppStore|ARM
		AppStore|iPhone = AppStore|iPhone
		AppStore|iPhoneSimulator = AppStore|iPhoneSimulator
		AppStore|x64 = AppStore|x64
		AppStore|x86 = AppStore|x86
		Debug|Any CPU = Debug|Any CPU
		Debug|ARM = Debug|ARM
		Debug|iPhone = Debug|iPhone
		Debug|iPhoneSimulator = Debug|iPhoneSimulator
		Debug|x64 = Debug|x64
		Debug|x86 = Debug|x86
		Release|Any CPU = Release|Any CPU
		Release|ARM = Release|ARM
		Release|iPhone = Release|iPhone
		Release|iPhoneSimulator = Release|iPhoneSimulator
		Release|x64 = Release|x64
		Release|x86 = Release|x86
	EndGlobalSection
	GlobalSection(ProjectConfigurationPlatforms) = postSolution
		{9D1C47F7-382C-45FF-B92E-0F09A71C14A9}.Ad-Hoc|Any CPU.ActiveCfg = Release|Any CPU
		{9D1C47F7-382C-45FF-B92E-0F09A71C14A9}.Ad-Hoc|Any CPU.Build.0 = Release|Any CPU
		{9D1C47F7-382C-45FF-B92E-0F09A71C14A9}.Ad-Hoc|Any CPU.Deploy.0 = Release|Any CPU
		{9D1C47F7-382C-45FF-B92E-0F09A71C14A9}.Ad-Hoc|ARM.ActiveCfg = Debug|Any CPU
		{9D1C47F7-382C-45FF-B92E-0F09A71C14A9}.Ad-Hoc|ARM.Build.0 = Debug|Any CPU
		{9D1C47F7-382C-45FF-B92E-0F09A71C14A9}.Ad-Hoc|ARM.Deploy.0 = Debug|Any CPU
		{9D1C47F7-382C-45FF-B92E-0F09A71C14A9}.Ad-Hoc|iPhone.ActiveCfg = Release|Any CPU
		{9D1C47F7-382C-45FF-B92E-0F09A71C14A9}.Ad-Hoc|iPhone.Build.0 = Release|Any CPU
		{9D1C47F7-382C-45FF-B92E-0F09A71C14A9}.Ad-Hoc|iPhone.Deploy.0 = Release|Any CPU
		{9D1C47F7-382C-45FF-B92E-0F09A71C14A9}.Ad-Hoc|iPhoneSimulator.ActiveCfg = Release|Any CPU
		{9D1C47F7-382C-45FF-B92E-0F09A71C14A9}.Ad-Hoc|iPhoneSimulator.Build.0 = Release|Any CPU
		{9D1C47F7-382C-45FF-B92E-0F09A71C14A9}.Ad-Hoc|iPhoneSimulator.Deploy.0 = Release|Any CPU
		{9D1C47F7-382C-45FF-B92E-0F09A71C14A9}.Ad-Hoc|x64.ActiveCfg = Debug|Any CPU
		{9D1C47F7-382C-45FF-B92E-0F09A71C14A9}.Ad-Hoc|x64.Build.0 = Debug|Any CPU
		{9D1C47F7-382C-45FF-B92E-0F09A71C14A9}.Ad-Hoc|x64.Deploy.0 = Debug|Any CPU
		{9D1C47F7-382C-45FF-B92E-0F09A71C14A9}.Ad-Hoc|x86.ActiveCfg = Release|Any CPU
		{9D1C47F7-382C-45FF-B92E-0F09A71C14A9}.Ad-Hoc|x86.Build.0 = Release|Any CPU
		{9D1C47F7-382C-45FF-B92E-0F09A71C14A9}.Ad-Hoc|x86.Deploy.0 = Release|Any CPU
		{9D1C47F7-382C-45FF-B92E-0F09A71C14A9}.AppStore|Any CPU.ActiveCfg = Release|Any CPU
		{9D1C47F7-382C-45FF-B92E-0F09A71C14A9}.AppStore|Any CPU.Build.0 = Release|Any CPU
		{9D1C47F7-382C-45FF-B92E-0F09A71C14A9}.AppStore|Any CPU.Deploy.0 = Release|Any CPU
		{9D1C47F7-382C-45FF-B92E-0F09A71C14A9}.AppStore|ARM.ActiveCfg = Debug|Any CPU
		{9D1C47F7-382C-45FF-B92E-0F09A71C14A9}.AppStore|ARM.Build.0 = Debug|Any CPU
		{9D1C47F7-382C-45FF-B92E-0F09A71C14A9}.AppStore|ARM.Deploy.0 = Debug|Any CPU
		{9D1C47F7-382C-45FF-B92E-0F09A71C14A9}.AppStore|iPhone.ActiveCfg = Release|Any CPU
		{9D1C47F7-382C-45FF-B92E-0F09A71C14A9}.AppStore|iPhone.Build.0 = Release|Any CPU
		{9D1C47F7-382C-45FF-B92E-0F09A71C14A9}.AppStore|iPhone.Deploy.0 = Release|Any CPU
		{9D1C47F7-382C-45FF-B92E-0F09A71C14A9}.AppStore|iPhoneSimulator.ActiveCfg = Release|Any CPU
		{9D1C47F7-382C-45FF-B92E-0F09A71C14A9}.AppStore|iPhoneSimulator.Build.0 = Release|Any CPU
		{9D1C47F7-382C-45FF-B92E-0F09A71C14A9}.AppStore|iPhoneSimulator.Deploy.0 = Release|Any CPU
		{9D1C47F7-382C-45FF-B92E-0F09A71C14A9}.AppStore|x64.ActiveCfg = Debug|Any CPU
		{9D1C47F7-382C-45FF-B92E-0F09A71C14A9}.AppStore|x64.Build.0 = Debug|Any CPU
		{9D1C47F7-382C-45FF-B92E-0F09A71C14A9}.AppStore|x64.Deploy.0 = Debug|Any CPU
		{9D1C47F7-382C-45FF-B92E-0F09A71C14A9}.AppStore|x86.ActiveCfg = Release|Any CPU
		{9D1C47F7-382C-45FF-B92E-0F09A71C14A9}.AppStore|x86.Build.0 = Release|Any CPU
		{9D1C47F7-382C-45FF-B92E-0F09A71C14A9}.AppStore|x86.Deploy.0 = Release|Any CPU
		{9D1C47F7-382C-45FF-B92E-0F09A71C14A9}.Debug|Any CPU.ActiveCfg = Debug|Any CPU
		{9D1C47F7-382C-45FF-B92E-0F09A71C14A9}.Debug|Any CPU.Build.0 = Debug|Any CPU
		{9D1C47F7-382C-45FF-B92E-0F09A71C14A9}.Debug|Any CPU.Deploy.0 = Debug|Any CPU
		{9D1C47F7-382C-45FF-B92E-0F09A71C14A9}.Debug|ARM.ActiveCfg = Debug|Any CPU
		{9D1C47F7-382C-45FF-B92E-0F09A71C14A9}.Debug|ARM.Build.0 = Debug|Any CPU
		{9D1C47F7-382C-45FF-B92E-0F09A71C14A9}.Debug|ARM.Deploy.0 = Debug|Any CPU
		{9D1C47F7-382C-45FF-B92E-0F09A71C14A9}.Debug|iPhone.ActiveCfg = Debug|Any CPU
		{9D1C47F7-382C-45FF-B92E-0F09A71C14A9}.Debug|iPhone.Build.0 = Debug|Any CPU
		{9D1C47F7-382C-45FF-B92E-0F09A71C14A9}.Debug|iPhone.Deploy.0 = Debug|Any CPU
		{9D1C47F7-382C-45FF-B92E-0F09A71C14A9}.Debug|iPhoneSimulator.ActiveCfg = Debug|Any CPU
		{9D1C47F7-382C-45FF-B92E-0F09A71C14A9}.Debug|iPhoneSimulator.Build.0 = Debug|Any CPU
		{9D1C47F7-382C-45FF-B92E-0F09A71C14A9}.Debug|iPhoneSimulator.Deploy.0 = Debug|Any CPU
		{9D1C47F7-382C-45FF-B92E-0F09A71C14A9}.Debug|x64.ActiveCfg = Debug|Any CPU
		{9D1C47F7-382C-45FF-B92E-0F09A71C14A9}.Debug|x64.Build.0 = Debug|Any CPU
		{9D1C47F7-382C-45FF-B92E-0F09A71C14A9}.Debug|x64.Deploy.0 = Debug|Any CPU
		{9D1C47F7-382C-45FF-B92E-0F09A71C14A9}.Debug|x86.ActiveCfg = Debug|Any CPU
		{9D1C47F7-382C-45FF-B92E-0F09A71C14A9}.Debug|x86.Build.0 = Debug|Any CPU
		{9D1C47F7-382C-45FF-B92E-0F09A71C14A9}.Debug|x86.Deploy.0 = Debug|Any CPU
		{9D1C47F7-382C-45FF-B92E-0F09A71C14A9}.Release|Any CPU.ActiveCfg = Release|Any CPU
		{9D1C47F7-382C-45FF-B92E-0F09A71C14A9}.Release|Any CPU.Build.0 = Release|Any CPU
		{9D1C47F7-382C-45FF-B92E-0F09A71C14A9}.Release|Any CPU.Deploy.0 = Release|Any CPU
		{9D1C47F7-382C-45FF-B92E-0F09A71C14A9}.Release|ARM.ActiveCfg = Release|Any CPU
		{9D1C47F7-382C-45FF-B92E-0F09A71C14A9}.Release|ARM.Build.0 = Release|Any CPU
		{9D1C47F7-382C-45FF-B92E-0F09A71C14A9}.Release|ARM.Deploy.0 = Release|Any CPU
		{9D1C47F7-382C-45FF-B92E-0F09A71C14A9}.Release|iPhone.ActiveCfg = Release|Any CPU
		{9D1C47F7-382C-45FF-B92E-0F09A71C14A9}.Release|iPhone.Build.0 = Release|Any CPU
		{9D1C47F7-382C-45FF-B92E-0F09A71C14A9}.Release|iPhone.Deploy.0 = Release|Any CPU
		{9D1C47F7-382C-45FF-B92E-0F09A71C14A9}.Release|iPhoneSimulator.ActiveCfg = Release|Any CPU
		{9D1C47F7-382C-45FF-B92E-0F09A71C14A9}.Release|iPhoneSimulator.Build.0 = Release|Any CPU
		{9D1C47F7-382C-45FF-B92E-0F09A71C14A9}.Release|iPhoneSimulator.Deploy.0 = Release|Any CPU
		{9D1C47F7-382C-45FF-B92E-0F09A71C14A9}.Release|x64.ActiveCfg = Release|Any CPU
		{9D1C47F7-382C-45FF-B92E-0F09A71C14A9}.Release|x64.Build.0 = Release|Any CPU
		{9D1C47F7-382C-45FF-B92E-0F09A71C14A9}.Release|x64.Deploy.0 = Release|Any CPU
		{9D1C47F7-382C-45FF-B92E-0F09A71C14A9}.Release|x86.ActiveCfg = Release|Any CPU
		{9D1C47F7-382C-45FF-B92E-0F09A71C14A9}.Release|x86.Build.0 = Release|Any CPU
		{9D1C47F7-382C-45FF-B92E-0F09A71C14A9}.Release|x86.Deploy.0 = Release|Any CPU
		{3D8DECD2-A0E6-4794-BD81-F55779BF1807}.Ad-Hoc|Any CPU.ActiveCfg = Ad-Hoc|iPhone
		{3D8DECD2-A0E6-4794-BD81-F55779BF1807}.Ad-Hoc|ARM.ActiveCfg = Ad-Hoc|iPhoneSimulator
		{3D8DECD2-A0E6-4794-BD81-F55779BF1807}.Ad-Hoc|iPhone.ActiveCfg = Ad-Hoc|iPhone
		{3D8DECD2-A0E6-4794-BD81-F55779BF1807}.Ad-Hoc|iPhone.Build.0 = Ad-Hoc|iPhone
		{3D8DECD2-A0E6-4794-BD81-F55779BF1807}.Ad-Hoc|iPhoneSimulator.ActiveCfg = Ad-Hoc|iPhoneSimulator
		{3D8DECD2-A0E6-4794-BD81-F55779BF1807}.Ad-Hoc|iPhoneSimulator.Build.0 = Ad-Hoc|iPhoneSimulator
		{3D8DECD2-A0E6-4794-BD81-F55779BF1807}.Ad-Hoc|x64.ActiveCfg = Ad-Hoc|iPhoneSimulator
		{3D8DECD2-A0E6-4794-BD81-F55779BF1807}.Ad-Hoc|x86.ActiveCfg = Ad-Hoc|iPhone
		{3D8DECD2-A0E6-4794-BD81-F55779BF1807}.AppStore|Any CPU.ActiveCfg = AppStore|iPhone
		{3D8DECD2-A0E6-4794-BD81-F55779BF1807}.AppStore|ARM.ActiveCfg = AppStore|iPhoneSimulator
		{3D8DECD2-A0E6-4794-BD81-F55779BF1807}.AppStore|iPhone.ActiveCfg = AppStore|iPhone
		{3D8DECD2-A0E6-4794-BD81-F55779BF1807}.AppStore|iPhone.Build.0 = AppStore|iPhone
		{3D8DECD2-A0E6-4794-BD81-F55779BF1807}.AppStore|iPhoneSimulator.ActiveCfg = AppStore|iPhoneSimulator
		{3D8DECD2-A0E6-4794-BD81-F55779BF1807}.AppStore|iPhoneSimulator.Build.0 = AppStore|iPhoneSimulator
		{3D8DECD2-A0E6-4794-BD81-F55779BF1807}.AppStore|x64.ActiveCfg = AppStore|iPhoneSimulator
		{3D8DECD2-A0E6-4794-BD81-F55779BF1807}.AppStore|x86.ActiveCfg = AppStore|iPhone
		{3D8DECD2-A0E6-4794-BD81-F55779BF1807}.Debug|Any CPU.ActiveCfg = Debug|iPhoneSimulator
		{3D8DECD2-A0E6-4794-BD81-F55779BF1807}.Debug|Any CPU.Build.0 = Debug|iPhoneSimulator
		{3D8DECD2-A0E6-4794-BD81-F55779BF1807}.Debug|ARM.ActiveCfg = Debug|iPhoneSimulator
		{3D8DECD2-A0E6-4794-BD81-F55779BF1807}.Debug|iPhone.ActiveCfg = Debug|iPhone
		{3D8DECD2-A0E6-4794-BD81-F55779BF1807}.Debug|iPhone.Build.0 = Debug|iPhone
		{3D8DECD2-A0E6-4794-BD81-F55779BF1807}.Debug|iPhoneSimulator.ActiveCfg = Debug|iPhoneSimulator
		{3D8DECD2-A0E6-4794-BD81-F55779BF1807}.Debug|iPhoneSimulator.Build.0 = Debug|iPhoneSimulator
		{3D8DECD2-A0E6-4794-BD81-F55779BF1807}.Debug|x64.ActiveCfg = Debug|iPhoneSimulator
		{3D8DECD2-A0E6-4794-BD81-F55779BF1807}.Debug|x86.ActiveCfg = Debug|iPhone
		{3D8DECD2-A0E6-4794-BD81-F55779BF1807}.Release|Any CPU.ActiveCfg = Release|iPhoneSimulator
		{3D8DECD2-A0E6-4794-BD81-F55779BF1807}.Release|Any CPU.Build.0 = Release|iPhoneSimulator
		{3D8DECD2-A0E6-4794-BD81-F55779BF1807}.Release|ARM.ActiveCfg = Release|iPhoneSimulator
		{3D8DECD2-A0E6-4794-BD81-F55779BF1807}.Release|iPhone.ActiveCfg = Release|iPhone
		{3D8DECD2-A0E6-4794-BD81-F55779BF1807}.Release|iPhone.Build.0 = Release|iPhone
		{3D8DECD2-A0E6-4794-BD81-F55779BF1807}.Release|iPhoneSimulator.ActiveCfg = Release|iPhoneSimulator
		{3D8DECD2-A0E6-4794-BD81-F55779BF1807}.Release|iPhoneSimulator.Build.0 = Release|iPhoneSimulator
		{3D8DECD2-A0E6-4794-BD81-F55779BF1807}.Release|x64.ActiveCfg = Release|iPhoneSimulator
		{3D8DECD2-A0E6-4794-BD81-F55779BF1807}.Release|x86.ActiveCfg = Release|iPhone
		{E5F3B875-300F-41C4-BCB2-1B9D86538456}.Ad-Hoc|Any CPU.ActiveCfg = Release|x86
		{E5F3B875-300F-41C4-BCB2-1B9D86538456}.Ad-Hoc|Any CPU.Build.0 = Release|x86
		{E5F3B875-300F-41C4-BCB2-1B9D86538456}.Ad-Hoc|ARM.ActiveCfg = Release|x86
		{E5F3B875-300F-41C4-BCB2-1B9D86538456}.Ad-Hoc|ARM.Build.0 = Release|x86
		{E5F3B875-300F-41C4-BCB2-1B9D86538456}.Ad-Hoc|iPhone.ActiveCfg = Release|x86
		{E5F3B875-300F-41C4-BCB2-1B9D86538456}.Ad-Hoc|iPhone.Build.0 = Release|x86
		{E5F3B875-300F-41C4-BCB2-1B9D86538456}.Ad-Hoc|iPhoneSimulator.ActiveCfg = Release|x86
		{E5F3B875-300F-41C4-BCB2-1B9D86538456}.Ad-Hoc|iPhoneSimulator.Build.0 = Release|x86
		{E5F3B875-300F-41C4-BCB2-1B9D86538456}.Ad-Hoc|x64.ActiveCfg = Release|x86
		{E5F3B875-300F-41C4-BCB2-1B9D86538456}.Ad-Hoc|x64.Build.0 = Release|x86
		{E5F3B875-300F-41C4-BCB2-1B9D86538456}.Ad-Hoc|x86.ActiveCfg = Release|x86
		{E5F3B875-300F-41C4-BCB2-1B9D86538456}.Ad-Hoc|x86.Build.0 = Release|x86
		{E5F3B875-300F-41C4-BCB2-1B9D86538456}.AppStore|Any CPU.ActiveCfg = Release|x86
		{E5F3B875-300F-41C4-BCB2-1B9D86538456}.AppStore|Any CPU.Build.0 = Release|x86
		{E5F3B875-300F-41C4-BCB2-1B9D86538456}.AppStore|ARM.ActiveCfg = Release|x86
		{E5F3B875-300F-41C4-BCB2-1B9D86538456}.AppStore|ARM.Build.0 = Release|x86
		{E5F3B875-300F-41C4-BCB2-1B9D86538456}.AppStore|iPhone.ActiveCfg = Release|x86
		{E5F3B875-300F-41C4-BCB2-1B9D86538456}.AppStore|iPhone.Build.0 = Release|x86
		{E5F3B875-300F-41C4-BCB2-1B9D86538456}.AppStore|iPhoneSimulator.ActiveCfg = Release|x86
		{E5F3B875-300F-41C4-BCB2-1B9D86538456}.AppStore|iPhoneSimulator.Build.0 = Release|x86
		{E5F3B875-300F-41C4-BCB2-1B9D86538456}.AppStore|x64.ActiveCfg = Release|x86
		{E5F3B875-300F-41C4-BCB2-1B9D86538456}.AppStore|x64.Build.0 = Release|x86
		{E5F3B875-300F-41C4-BCB2-1B9D86538456}.AppStore|x86.ActiveCfg = Release|x86
		{E5F3B875-300F-41C4-BCB2-1B9D86538456}.AppStore|x86.Build.0 = Release|x86
		{E5F3B875-300F-41C4-BCB2-1B9D86538456}.Debug|Any CPU.ActiveCfg = Debug|Any CPU
		{E5F3B875-300F-41C4-BCB2-1B9D86538456}.Debug|Any CPU.Build.0 = Debug|Any CPU
		{E5F3B875-300F-41C4-BCB2-1B9D86538456}.Debug|ARM.ActiveCfg = Debug|x86
		{E5F3B875-300F-41C4-BCB2-1B9D86538456}.Debug|iPhone.ActiveCfg = Debug|x86
		{E5F3B875-300F-41C4-BCB2-1B9D86538456}.Debug|iPhoneSimulator.ActiveCfg = Debug|x86
		{E5F3B875-300F-41C4-BCB2-1B9D86538456}.Debug|x64.ActiveCfg = Debug|x86
		{E5F3B875-300F-41C4-BCB2-1B9D86538456}.Debug|x86.ActiveCfg = Debug|x86
		{E5F3B875-300F-41C4-BCB2-1B9D86538456}.Debug|x86.Build.0 = Debug|x86
		{E5F3B875-300F-41C4-BCB2-1B9D86538456}.Release|Any CPU.ActiveCfg = Release|Any CPU
		{E5F3B875-300F-41C4-BCB2-1B9D86538456}.Release|Any CPU.Build.0 = Release|Any CPU
		{E5F3B875-300F-41C4-BCB2-1B9D86538456}.Release|ARM.ActiveCfg = Release|x86
		{E5F3B875-300F-41C4-BCB2-1B9D86538456}.Release|iPhone.ActiveCfg = Release|x86
		{E5F3B875-300F-41C4-BCB2-1B9D86538456}.Release|iPhoneSimulator.ActiveCfg = Release|x86
		{E5F3B875-300F-41C4-BCB2-1B9D86538456}.Release|x64.ActiveCfg = Release|x86
		{E5F3B875-300F-41C4-BCB2-1B9D86538456}.Release|x86.ActiveCfg = Release|x86
		{E5F3B875-300F-41C4-BCB2-1B9D86538456}.Release|x86.Build.0 = Release|x86
	EndGlobalSection
	GlobalSection(SolutionProperties) = preSolution
		HideSolutionNode = FALSE
	EndGlobalSection
	GlobalSection(ExtensibilityGlobals) = postSolution
		SolutionGuid = {8E5029CD-0BDD-433F-86F5-BF5A7A4420F4}
	EndGlobalSection
EndGlobal
