
Microsoft Visual Studio Solution File, Format Version 11.00
# Visual C# Express 2010
Project("{FAE04EC0-301F-11D3-BF4B-00C04F79EFBC}") = "ResolutionBuddyExample.Windows.XNA", "ResolutionBuddyExample.Windows.XNA\ResolutionBuddyExample.Windows.XNA\ResolutionBuddyExample.Windows.XNA.csproj", "{1B0D4471-F465-414F-A67D-F89EB136EF97}"
EndProject
Project("{96E2B04D-8817-42C6-938A-82C39BA4D311}") = "ResolutionBuddyExample.Windows.XNAContent", "ResolutionBuddyExample.Windows.XNA\ResolutionBuddyExample.Windows.XNAContent\ResolutionBuddyExample.Windows.XNAContent.contentproj", "{3B288D54-F95C-4BFC-92F1-DDFB23B19ACB}"
EndProject
Project("{FAE04EC0-301F-11D3-BF4B-00C04F79EFBC}") = "BasicPrimitiveBuddy.Windows.XNA", "..\externals\BasicPrimitiveBuddy\Windows.XNA\BasicPrimitiveBuddy.Windows.XNA.csproj", "{213B8E4C-F9C3-452E-9686-0B26844C27BF}"
EndProject
Project("{FAE04EC0-301F-11D3-BF4B-00C04F79EFBC}") = "ResolutionBuddy.Windows.XNA", "..\externals\ResolutionBuddy\Windows.XNA\ResolutionBuddy.Windows.XNA.csproj", "{1012898A-B613-4A77-8AC9-E50C9E15D67A}"
EndProject
Global
	GlobalSection(SolutionConfigurationPlatforms) = preSolution
		Debug|x86 = Debug|x86
		Release|x86 = Release|x86
	EndGlobalSection
	GlobalSection(ProjectConfigurationPlatforms) = postSolution
		{1B0D4471-F465-414F-A67D-F89EB136EF97}.Debug|x86.ActiveCfg = Debug|x86
		{1B0D4471-F465-414F-A67D-F89EB136EF97}.Debug|x86.Build.0 = Debug|x86
		{1B0D4471-F465-414F-A67D-F89EB136EF97}.Release|x86.ActiveCfg = Release|x86
		{1B0D4471-F465-414F-A67D-F89EB136EF97}.Release|x86.Build.0 = Release|x86
		{3B288D54-F95C-4BFC-92F1-DDFB23B19ACB}.Debug|x86.ActiveCfg = Debug|x86
		{3B288D54-F95C-4BFC-92F1-DDFB23B19ACB}.Release|x86.ActiveCfg = Release|x86
		{213B8E4C-F9C3-452E-9686-0B26844C27BF}.Debug|x86.ActiveCfg = Debug|x86
		{213B8E4C-F9C3-452E-9686-0B26844C27BF}.Debug|x86.Build.0 = Debug|x86
		{213B8E4C-F9C3-452E-9686-0B26844C27BF}.Release|x86.ActiveCfg = Release|x86
		{213B8E4C-F9C3-452E-9686-0B26844C27BF}.Release|x86.Build.0 = Release|x86
		{1012898A-B613-4A77-8AC9-E50C9E15D67A}.Debug|x86.ActiveCfg = Debug|x86
		{1012898A-B613-4A77-8AC9-E50C9E15D67A}.Debug|x86.Build.0 = Debug|x86
		{1012898A-B613-4A77-8AC9-E50C9E15D67A}.Release|x86.ActiveCfg = Release|x86
		{1012898A-B613-4A77-8AC9-E50C9E15D67A}.Release|x86.Build.0 = Release|x86
	EndGlobalSection
	GlobalSection(SolutionProperties) = preSolution
		HideSolutionNode = FALSE
	EndGlobalSection
EndGlobal
